
Microsoft Visual Studio Solution File, Format Version 12.00
# Visual Studio 2012
VisualStudioVersion = 12.0.31101.0
MinimumVisualStudioVersion = 10.0.40219.1
Project("{FAE04EC0-301F-11D3-BF4B-00C04F79EFBC}") = "Scanner", "Scanner\Scanner\Scanner.csproj", "{5FF86BDD-3294-482C-87FA-9EFD9CC3DEC4}"
EndProject
Project("{FAE04EC0-301F-11D3-BF4B-00C04F79EFBC}") = "Scanner.iOS", "Scanner\Scanner.iOS\Scanner.iOS.csproj", "{3EDDC673-AC74-4CD5-8983-1499DED09091}"
EndProject
Project("{FAE04EC0-301F-11D3-BF4B-00C04F79EFBC}") = "Scanner.Android", "Scanner\Scanner.Android\Scanner.Android.csproj", "{DE1A452B-D80B-4A2A-9EAD-D1C529779B4C}"
EndProject
Project("{FAE04EC0-301F-11D3-BF4B-00C04F79EFBC}") = "Scanner.WinPhone", "Scanner\Scanner.WinPhone\Scanner.WinPhone.csproj", "{6BD8E0B5-1B12-47AA-92FF-050BE8E2642B}"
EndProject
Global
	GlobalSection(SolutionConfigurationPlatforms) = preSolution
		Ad-Hoc|Any CPU = Ad-Hoc|Any CPU
		Ad-Hoc|ARM = Ad-Hoc|ARM
		Ad-Hoc|iPhone = Ad-Hoc|iPhone
		Ad-Hoc|iPhoneSimulator = Ad-Hoc|iPhoneSimulator
		Ad-Hoc|Mixed Platforms = Ad-Hoc|Mixed Platforms
		Ad-Hoc|x86 = Ad-Hoc|x86
		AppStore|Any CPU = AppStore|Any CPU
		AppStore|ARM = AppStore|ARM
		AppStore|iPhone = AppStore|iPhone
		AppStore|iPhoneSimulator = AppStore|iPhoneSimulator
		AppStore|Mixed Platforms = AppStore|Mixed Platforms
		AppStore|x86 = AppStore|x86
		Debug|Any CPU = Debug|Any CPU
		Debug|ARM = Debug|ARM
		Debug|iPhone = Debug|iPhone
		Debug|iPhoneSimulator = Debug|iPhoneSimulator
		Debug|Mixed Platforms = Debug|Mixed Platforms
		Debug|x86 = Debug|x86
		Release|Any CPU = Release|Any CPU
		Release|ARM = Release|ARM
		Release|iPhone = Release|iPhone
		Release|iPhoneSimulator = Release|iPhoneSimulator
		Release|Mixed Platforms = Release|Mixed Platforms
		Release|x86 = Release|x86
	EndGlobalSection
	GlobalSection(ProjectConfigurationPlatforms) = postSolution
		{3EDDC673-AC74-4CD5-8983-1499DED09091}.Ad-Hoc|Any CPU.ActiveCfg = Ad-Hoc|iPhone
		{3EDDC673-AC74-4CD5-8983-1499DED09091}.Ad-Hoc|ARM.ActiveCfg = Ad-Hoc|iPhone
		{3EDDC673-AC74-4CD5-8983-1499DED09091}.Ad-Hoc|iPhone.ActiveCfg = Ad-Hoc|iPhone
		{3EDDC673-AC74-4CD5-8983-1499DED09091}.Ad-Hoc|iPhone.Build.0 = Ad-Hoc|iPhone
		{3EDDC673-AC74-4CD5-8983-1499DED09091}.Ad-Hoc|iPhoneSimulator.ActiveCfg = Ad-Hoc|iPhoneSimulator
		{3EDDC673-AC74-4CD5-8983-1499DED09091}.Ad-Hoc|iPhoneSimulator.Build.0 = Ad-Hoc|iPhoneSimulator
		{3EDDC673-AC74-4CD5-8983-1499DED09091}.Ad-Hoc|Mixed Platforms.ActiveCfg = Ad-Hoc|iPhone
		{3EDDC673-AC74-4CD5-8983-1499DED09091}.Ad-Hoc|Mixed Platforms.Build.0 = Ad-Hoc|iPhone
		{3EDDC673-AC74-4CD5-8983-1499DED09091}.Ad-Hoc|x86.ActiveCfg = Ad-Hoc|iPhone
		{3EDDC673-AC74-4CD5-8983-1499DED09091}.AppStore|Any CPU.ActiveCfg = AppStore|iPhone
		{3EDDC673-AC74-4CD5-8983-1499DED09091}.AppStore|ARM.ActiveCfg = AppStore|iPhone
		{3EDDC673-AC74-4CD5-8983-1499DED09091}.AppStore|iPhone.ActiveCfg = AppStore|iPhone
		{3EDDC673-AC74-4CD5-8983-1499DED09091}.AppStore|iPhone.Build.0 = AppStore|iPhone
		{3EDDC673-AC74-4CD5-8983-1499DED09091}.AppStore|iPhoneSimulator.ActiveCfg = AppStore|iPhoneSimulator
		{3EDDC673-AC74-4CD5-8983-1499DED09091}.AppStore|iPhoneSimulator.Build.0 = AppStore|iPhoneSimulator
		{3EDDC673-AC74-4CD5-8983-1499DED09091}.AppStore|Mixed Platforms.ActiveCfg = AppStore|iPhone
		{3EDDC673-AC74-4CD5-8983-1499DED09091}.AppStore|Mixed Platforms.Build.0 = AppStore|iPhone
		{3EDDC673-AC74-4CD5-8983-1499DED09091}.AppStore|x86.ActiveCfg = AppStore|iPhone
		{3EDDC673-AC74-4CD5-8983-1499DED09091}.Debug|Any CPU.ActiveCfg = Debug|iPhone
		{3EDDC673-AC74-4CD5-8983-1499DED09091}.Debug|ARM.ActiveCfg = Debug|iPhone
		{3EDDC673-AC74-4CD5-8983-1499DED09091}.Debug|iPhone.ActiveCfg = Debug|iPhone
		{3EDDC673-AC74-4CD5-8983-1499DED09091}.Debug|iPhone.Build.0 = Debug|iPhone
		{3EDDC673-AC74-4CD5-8983-1499DED09091}.Debug|iPhoneSimulator.ActiveCfg = Debug|iPhoneSimulator
		{3EDDC673-AC74-4CD5-8983-1499DED09091}.Debug|iPhoneSimulator.Build.0 = Debug|iPhoneSimulator
		{3EDDC673-AC74-4CD5-8983-1499DED09091}.Debug|Mixed Platforms.ActiveCfg = Debug|iPhone
		{3EDDC673-AC74-4CD5-8983-1499DED09091}.Debug|Mixed Platforms.Build.0 = Debug|iPhone
		{3EDDC673-AC74-4CD5-8983-1499DED09091}.Debug|x86.ActiveCfg = Debug|iPhone
		{3EDDC673-AC74-4CD5-8983-1499DED09091}.Release|Any CPU.ActiveCfg = Release|iPhone
		{3EDDC673-AC74-4CD5-8983-1499DED09091}.Release|ARM.ActiveCfg = Release|iPhone
		{3EDDC673-AC74-4CD5-8983-1499DED09091}.Release|iPhone.ActiveCfg = Release|iPhone
		{3EDDC673-AC74-4CD5-8983-1499DED09091}.Release|iPhone.Build.0 = Release|iPhone
		{3EDDC673-AC74-4CD5-8983-1499DED09091}.Release|iPhoneSimulator.ActiveCfg = Release|iPhoneSimulator
		{3EDDC673-AC74-4CD5-8983-1499DED09091}.Release|iPhoneSimulator.Build.0 = Release|iPhoneSimulator
		{3EDDC673-AC74-4CD5-8983-1499DED09091}.Release|Mixed Platforms.ActiveCfg = Release|iPhone
		{3EDDC673-AC74-4CD5-8983-1499DED09091}.Release|Mixed Platforms.Build.0 = Release|iPhone
		{3EDDC673-AC74-4CD5-8983-1499DED09091}.Release|x86.ActiveCfg = Release|iPhone
		{5FF86BDD-3294-482C-87FA-9EFD9CC3DEC4}.Ad-Hoc|Any CPU.ActiveCfg = Release|Any CPU
		{5FF86BDD-3294-482C-87FA-9EFD9CC3DEC4}.Ad-Hoc|Any CPU.Build.0 = Release|Any CPU
		{5FF86BDD-3294-482C-87FA-9EFD9CC3DEC4}.Ad-Hoc|ARM.ActiveCfg = Release|Any CPU
		{5FF86BDD-3294-482C-87FA-9EFD9CC3DEC4}.Ad-Hoc|iPhone.ActiveCfg = Release|Any CPU
		{5FF86BDD-3294-482C-87FA-9EFD9CC3DEC4}.Ad-Hoc|iPhoneSimulator.ActiveCfg = Release|Any CPU
		{5FF86BDD-3294-482C-87FA-9EFD9CC3DEC4}.Ad-Hoc|Mixed Platforms.ActiveCfg = Release|Any CPU
		{5FF86BDD-3294-482C-87FA-9EFD9CC3DEC4}.Ad-Hoc|Mixed Platforms.Build.0 = Release|Any CPU
		{5FF86BDD-3294-482C-87FA-9EFD9CC3DEC4}.Ad-Hoc|x86.ActiveCfg = Release|Any CPU
		{5FF86BDD-3294-482C-87FA-9EFD9CC3DEC4}.AppStore|Any CPU.ActiveCfg = Release|Any CPU
		{5FF86BDD-3294-482C-87FA-9EFD9CC3DEC4}.AppStore|Any CPU.Build.0 = Release|Any CPU
		{5FF86BDD-3294-482C-87FA-9EFD9CC3DEC4}.AppStore|ARM.ActiveCfg = Release|Any CPU
		{5FF86BDD-3294-482C-87FA-9EFD9CC3DEC4}.AppStore|iPhone.ActiveCfg = Release|Any CPU
		{5FF86BDD-3294-482C-87FA-9EFD9CC3DEC4}.AppStore|iPhoneSimulator.ActiveCfg = Release|Any CPU
		{5FF86BDD-3294-482C-87FA-9EFD9CC3DEC4}.AppStore|Mixed Platforms.ActiveCfg = Release|Any CPU
		{5FF86BDD-3294-482C-87FA-9EFD9CC3DEC4}.AppStore|Mixed Platforms.Build.0 = Release|Any CPU
		{5FF86BDD-3294-482C-87FA-9EFD9CC3DEC4}.AppStore|x86.ActiveCfg = Release|Any CPU
		{5FF86BDD-3294-482C-87FA-9EFD9CC3DEC4}.Debug|Any CPU.ActiveCfg = Debug|Any CPU
		{5FF86BDD-3294-482C-87FA-9EFD9CC3DEC4}.Debug|Any CPU.Build.0 = Debug|Any CPU
		{5FF86BDD-3294-482C-87FA-9EFD9CC3DEC4}.Debug|ARM.ActiveCfg = Debug|Any CPU
		{5FF86BDD-3294-482C-87FA-9EFD9CC3DEC4}.Debug|iPhone.ActiveCfg = Debug|Any CPU
		{5FF86BDD-3294-482C-87FA-9EFD9CC3DEC4}.Debug|iPhoneSimulator.ActiveCfg = Debug|Any CPU
		{5FF86BDD-3294-482C-87FA-9EFD9CC3DEC4}.Debug|Mixed Platforms.ActiveCfg = Debug|Any CPU
		{5FF86BDD-3294-482C-87FA-9EFD9CC3DEC4}.Debug|Mixed Platforms.Build.0 = Debug|Any CPU
		{5FF86BDD-3294-482C-87FA-9EFD9CC3DEC4}.Debug|x86.ActiveCfg = Debug|Any CPU
		{5FF86BDD-3294-482C-87FA-9EFD9CC3DEC4}.Release|Any CPU.ActiveCfg = Release|Any CPU
		{5FF86BDD-3294-482C-87FA-9EFD9CC3DEC4}.Release|Any CPU.Build.0 = Release|Any CPU
		{5FF86BDD-3294-482C-87FA-9EFD9CC3DEC4}.Release|ARM.ActiveCfg = Release|Any CPU
		{5FF86BDD-3294-482C-87FA-9EFD9CC3DEC4}.Release|iPhone.ActiveCfg = Release|Any CPU
		{5FF86BDD-3294-482C-87FA-9EFD9CC3DEC4}.Release|iPhoneSimulator.ActiveCfg = Release|Any CPU
		{5FF86BDD-3294-482C-87FA-9EFD9CC3DEC4}.Release|Mixed Platforms.ActiveCfg = Release|Any CPU
		{5FF86BDD-3294-482C-87FA-9EFD9CC3DEC4}.Release|Mixed Platforms.Build.0 = Release|Any CPU
		{5FF86BDD-3294-482C-87FA-9EFD9CC3DEC4}.Release|x86.ActiveCfg = Release|Any CPU
		{6BD8E0B5-1B12-47AA-92FF-050BE8E2642B}.Ad-Hoc|Any CPU.ActiveCfg = Release|Any CPU
		{6BD8E0B5-1B12-47AA-92FF-050BE8E2642B}.Ad-Hoc|Any CPU.Build.0 = Release|Any CPU
		{6BD8E0B5-1B12-47AA-92FF-050BE8E2642B}.Ad-Hoc|Any CPU.Deploy.0 = Release|Any CPU
		{6BD8E0B5-1B12-47AA-92FF-050BE8E2642B}.Ad-Hoc|ARM.ActiveCfg = Release|ARM
		{6BD8E0B5-1B12-47AA-92FF-050BE8E2642B}.Ad-Hoc|ARM.Build.0 = Release|ARM
		{6BD8E0B5-1B12-47AA-92FF-050BE8E2642B}.Ad-Hoc|ARM.Deploy.0 = Release|ARM
		{6BD8E0B5-1B12-47AA-92FF-050BE8E2642B}.Ad-Hoc|iPhone.ActiveCfg = Release|Any CPU
		{6BD8E0B5-1B12-47AA-92FF-050BE8E2642B}.Ad-Hoc|iPhoneSimulator.ActiveCfg = Release|Any CPU
		{6BD8E0B5-1B12-47AA-92FF-050BE8E2642B}.Ad-Hoc|Mixed Platforms.ActiveCfg = Release|x86
		{6BD8E0B5-1B12-47AA-92FF-050BE8E2642B}.Ad-Hoc|Mixed Platforms.Build.0 = Release|x86
		{6BD8E0B5-1B12-47AA-92FF-050BE8E2642B}.Ad-Hoc|Mixed Platforms.Deploy.0 = Release|x86
		{6BD8E0B5-1B12-47AA-92FF-050BE8E2642B}.Ad-Hoc|x86.ActiveCfg = Release|x86
		{6BD8E0B5-1B12-47AA-92FF-050BE8E2642B}.Ad-Hoc|x86.Build.0 = Release|x86
		{6BD8E0B5-1B12-47AA-92FF-050BE8E2642B}.Ad-Hoc|x86.Deploy.0 = Release|x86
		{6BD8E0B5-1B12-47AA-92FF-050BE8E2642B}.AppStore|Any CPU.ActiveCfg = Release|Any CPU
		{6BD8E0B5-1B12-47AA-92FF-050BE8E2642B}.AppStore|Any CPU.Build.0 = Release|Any CPU
		{6BD8E0B5-1B12-47AA-92FF-050BE8E2642B}.AppStore|Any CPU.Deploy.0 = Release|Any CPU
		{6BD8E0B5-1B12-47AA-92FF-050BE8E2642B}.AppStore|ARM.ActiveCfg = Release|ARM
		{6BD8E0B5-1B12-47AA-92FF-050BE8E2642B}.AppStore|ARM.Build.0 = Release|ARM
		{6BD8E0B5-1B12-47AA-92FF-050BE8E2642B}.AppStore|ARM.Deploy.0 = Release|ARM
		{6BD8E0B5-1B12-47AA-92FF-050BE8E2642B}.AppStore|iPhone.ActiveCfg = Release|Any CPU
		{6BD8E0B5-1B12-47AA-92FF-050BE8E2642B}.AppStore|iPhoneSimulator.ActiveCfg = Release|Any CPU
		{6BD8E0B5-1B12-47AA-92FF-050BE8E2642B}.AppStore|Mixed Platforms.ActiveCfg = Release|x86
		{6BD8E0B5-1B12-47AA-92FF-050BE8E2642B}.AppStore|Mixed Platforms.Build.0 = Release|x86
		{6BD8E0B5-1B12-47AA-92FF-050BE8E2642B}.AppStore|Mixed Platforms.Deploy.0 = Release|x86
		{6BD8E0B5-1B12-47AA-92FF-050BE8E2642B}.AppStore|x86.ActiveCfg = Release|x86
		{6BD8E0B5-1B12-47AA-92FF-050BE8E2642B}.AppStore|x86.Build.0 = Release|x86
		{6BD8E0B5-1B12-47AA-92FF-050BE8E2642B}.AppStore|x86.Deploy.0 = Release|x86
		{6BD8E0B5-1B12-47AA-92FF-050BE8E2642B}.Debug|Any CPU.ActiveCfg = Debug|Any CPU
		{6BD8E0B5-1B12-47AA-92FF-050BE8E2642B}.Debug|Any CPU.Build.0 = Debug|Any CPU
		{6BD8E0B5-1B12-47AA-92FF-050BE8E2642B}.Debug|Any CPU.Deploy.0 = Debug|Any CPU
		{6BD8E0B5-1B12-47AA-92FF-050BE8E2642B}.Debug|ARM.ActiveCfg = Debug|ARM
		{6BD8E0B5-1B12-47AA-92FF-050BE8E2642B}.Debug|ARM.Build.0 = Debug|ARM
		{6BD8E0B5-1B12-47AA-92FF-050BE8E2642B}.Debug|ARM.Deploy.0 = Debug|ARM
		{6BD8E0B5-1B12-47AA-92FF-050BE8E2642B}.Debug|iPhone.ActiveCfg = Debug|Any CPU
		{6BD8E0B5-1B12-47AA-92FF-050BE8E2642B}.Debug|iPhoneSimulator.ActiveCfg = Debug|Any CPU
		{6BD8E0B5-1B12-47AA-92FF-050BE8E2642B}.Debug|Mixed Platforms.ActiveCfg = Debug|x86
		{6BD8E0B5-1B12-47AA-92FF-050BE8E2642B}.Debug|Mixed Platforms.Build.0 = Debug|x86
		{6BD8E0B5-1B12-47AA-92FF-050BE8E2642B}.Debug|Mixed Platforms.Deploy.0 = Debug|x86
		{6BD8E0B5-1B12-47AA-92FF-050BE8E2642B}.Debug|x86.ActiveCfg = Debug|x86
		{6BD8E0B5-1B12-47AA-92FF-050BE8E2642B}.Debug|x86.Build.0 = Debug|x86
		{6BD8E0B5-1B12-47AA-92FF-050BE8E2642B}.Debug|x86.Deploy.0 = Debug|x86
		{6BD8E0B5-1B12-47AA-92FF-050BE8E2642B}.Release|Any CPU.ActiveCfg = Release|Any CPU
		{6BD8E0B5-1B12-47AA-92FF-050BE8E2642B}.Release|Any CPU.Build.0 = Release|Any CPU
		{6BD8E0B5-1B12-47AA-92FF-050BE8E2642B}.Release|Any CPU.Deploy.0 = Release|Any CPU
		{6BD8E0B5-1B12-47AA-92FF-050BE8E2642B}.Release|ARM.ActiveCfg = Release|ARM
		{6BD8E0B5-1B12-47AA-92FF-050BE8E2642B}.Release|ARM.Build.0 = Release|ARM
		{6BD8E0B5-1B12-47AA-92FF-050BE8E2642B}.Release|ARM.Deploy.0 = Release|ARM
		{6BD8E0B5-1B12-47AA-92FF-050BE8E2642B}.Release|iPhone.ActiveCfg = Release|Any CPU
		{6BD8E0B5-1B12-47AA-92FF-050BE8E2642B}.Release|iPhoneSimulator.ActiveCfg = Release|Any CPU
		{6BD8E0B5-1B12-47AA-92FF-050BE8E2642B}.Release|Mixed Platforms.ActiveCfg = Release|x86
		{6BD8E0B5-1B12-47AA-92FF-050BE8E2642B}.Release|Mixed Platforms.Build.0 = Release|x86
		{6BD8E0B5-1B12-47AA-92FF-050BE8E2642B}.Release|Mixed Platforms.Deploy.0 = Release|x86
		{6BD8E0B5-1B12-47AA-92FF-050BE8E2642B}.Release|x86.ActiveCfg = Release|x86
		{6BD8E0B5-1B12-47AA-92FF-050BE8E2642B}.Release|x86.Build.0 = Release|x86
		{6BD8E0B5-1B12-47AA-92FF-050BE8E2642B}.Release|x86.Deploy.0 = Release|x86
		{DE1A452B-D80B-4A2A-9EAD-D1C529779B4C}.Ad-Hoc|Any CPU.ActiveCfg = Release|Any CPU
		{DE1A452B-D80B-4A2A-9EAD-D1C529779B4C}.Ad-Hoc|Any CPU.Build.0 = Release|Any CPU
		{DE1A452B-D80B-4A2A-9EAD-D1C529779B4C}.Ad-Hoc|Any CPU.Deploy.0 = Release|Any CPU
		{DE1A452B-D80B-4A2A-9EAD-D1C529779B4C}.Ad-Hoc|ARM.ActiveCfg = Release|Any CPU
		{DE1A452B-D80B-4A2A-9EAD-D1C529779B4C}.Ad-Hoc|iPhone.ActiveCfg = Release|Any CPU
		{DE1A452B-D80B-4A2A-9EAD-D1C529779B4C}.Ad-Hoc|iPhoneSimulator.ActiveCfg = Release|Any CPU
		{DE1A452B-D80B-4A2A-9EAD-D1C529779B4C}.Ad-Hoc|Mixed Platforms.ActiveCfg = Release|Any CPU
		{DE1A452B-D80B-4A2A-9EAD-D1C529779B4C}.Ad-Hoc|Mixed Platforms.Build.0 = Release|Any CPU
		{DE1A452B-D80B-4A2A-9EAD-D1C529779B4C}.Ad-Hoc|Mixed Platforms.Deploy.0 = Release|Any CPU
		{DE1A452B-D80B-4A2A-9EAD-D1C529779B4C}.Ad-Hoc|x86.ActiveCfg = Release|Any CPU
		{DE1A452B-D80B-4A2A-9EAD-D1C529779B4C}.AppStore|Any CPU.ActiveCfg = Release|Any CPU
		{DE1A452B-D80B-4A2A-9EAD-D1C529779B4C}.AppStore|Any CPU.Build.0 = Release|Any CPU
		{DE1A452B-D80B-4A2A-9EAD-D1C529779B4C}.AppStore|Any CPU.Deploy.0 = Release|Any CPU
		{DE1A452B-D80B-4A2A-9EAD-D1C529779B4C}.AppStore|ARM.ActiveCfg = Release|Any CPU
		{DE1A452B-D80B-4A2A-9EAD-D1C529779B4C}.AppStore|iPhone.ActiveCfg = Release|Any CPU
		{DE1A452B-D80B-4A2A-9EAD-D1C529779B4C}.AppStore|iPhoneSimulator.ActiveCfg = Release|Any CPU
		{DE1A452B-D80B-4A2A-9EAD-D1C529779B4C}.AppStore|Mixed Platforms.ActiveCfg = Release|Any CPU
		{DE1A452B-D80B-4A2A-9EAD-D1C529779B4C}.AppStore|Mixed Platforms.Build.0 = Release|Any CPU
		{DE1A452B-D80B-4A2A-9EAD-D1C529779B4C}.AppStore|Mixed Platforms.Deploy.0 = Release|Any CPU
		{DE1A452B-D80B-4A2A-9EAD-D1C529779B4C}.AppStore|x86.ActiveCfg = Release|Any CPU
		{DE1A452B-D80B-4A2A-9EAD-D1C529779B4C}.Debug|Any CPU.ActiveCfg = Debug|Any CPU
		{DE1A452B-D80B-4A2A-9EAD-D1C529779B4C}.Debug|Any CPU.Build.0 = Debug|Any CPU
		{DE1A452B-D80B-4A2A-9EAD-D1C529779B4C}.Debug|Any CPU.Deploy.0 = Debug|Any CPU
		{DE1A452B-D80B-4A2A-9EAD-D1C529779B4C}.Debug|ARM.ActiveCfg = Debug|Any CPU
		{DE1A452B-D80B-4A2A-9EAD-D1C529779B4C}.Debug|iPhone.ActiveCfg = Debug|Any CPU
		{DE1A452B-D80B-4A2A-9EAD-D1C529779B4C}.Debug|iPhoneSimulator.ActiveCfg = Debug|Any CPU
		{DE1A452B-D80B-4A2A-9EAD-D1C529779B4C}.Debug|Mixed Platforms.ActiveCfg = Debug|Any CPU
		{DE1A452B-D80B-4A2A-9EAD-D1C529779B4C}.Debug|Mixed Platforms.Build.0 = Debug|Any CPU
		{DE1A452B-D80B-4A2A-9EAD-D1C529779B4C}.Debug|Mixed Platforms.Deploy.0 = Debug|Any CPU
		{DE1A452B-D80B-4A2A-9EAD-D1C529779B4C}.Debug|x86.ActiveCfg = Debug|Any CPU
		{DE1A452B-D80B-4A2A-9EAD-D1C529779B4C}.Release|Any CPU.ActiveCfg = Release|Any CPU
		{DE1A452B-D80B-4A2A-9EAD-D1C529779B4C}.Release|Any CPU.Build.0 = Release|Any CPU
		{DE1A452B-D80B-4A2A-9EAD-D1C529779B4C}.Release|Any CPU.Deploy.0 = Release|Any CPU
		{DE1A452B-D80B-4A2A-9EAD-D1C529779B4C}.Release|ARM.ActiveCfg = Release|Any CPU
		{DE1A452B-D80B-4A2A-9EAD-D1C529779B4C}.Release|iPhone.ActiveCfg = Release|Any CPU
		{DE1A452B-D80B-4A2A-9EAD-D1C529779B4C}.Release|iPhoneSimulator.ActiveCfg = Release|Any CPU
		{DE1A452B-D80B-4A2A-9EAD-D1C529779B4C}.Release|Mixed Platforms.ActiveCfg = Release|Any CPU
		{DE1A452B-D80B-4A2A-9EAD-D1C529779B4C}.Release|Mixed Platforms.Build.0 = Release|Any CPU
		{DE1A452B-D80B-4A2A-9EAD-D1C529779B4C}.Release|Mixed Platforms.Deploy.0 = Release|Any CPU
		{DE1A452B-D80B-4A2A-9EAD-D1C529779B4C}.Release|x86.ActiveCfg = Release|Any CPU
	EndGlobalSection
	GlobalSection(MonoDevelopProperties) = preSolution
		StartupItem = Scanner\Scanner.Android\Scanner.Android.csproj
	EndGlobalSection
	GlobalSection(SolutionProperties) = preSolution
		HideSolutionNode = FALSE
	EndGlobalSection
EndGlobal
